// !$*UTF8*$!
{
	archiveVersion = 1;
	classes = {
	};
	objectVersion = 50;
	objects = {

/* Begin PBXBuildFile section */
		8B423446209D6CA40072ED92 /* ViewController.swift in Sources */ = {isa = PBXBuildFile; fileRef = 8B42343B209D6CA40072ED92 /* ViewController.swift */; };
		8B423447209D6CA40072ED92 /* CustomButton.swift in Sources */ = {isa = PBXBuildFile; fileRef = 8B42343C209D6CA40072ED92 /* CustomButton.swift */; };
		8B423448209D6CA40072ED92 /* Block.swift in Sources */ = {isa = PBXBuildFile; fileRef = 8B42343D209D6CA40072ED92 /* Block.swift */; };
		8B423449209D6CA40072ED92 /* Assets.xcassets in Resources */ = {isa = PBXBuildFile; fileRef = 8B42343E209D6CA40072ED92 /* Assets.xcassets */; };
		8B42344A209D6CA40072ED92 /* LaunchScreen.storyboard in Resources */ = {isa = PBXBuildFile; fileRef = 8B42343F209D6CA40072ED92 /* LaunchScreen.storyboard */; };
		8B42344B209D6CA40072ED92 /* Main.storyboard in Resources */ = {isa = PBXBuildFile; fileRef = 8B423441209D6CA40072ED92 /* Main.storyboard */; };
		8B42344C209D6CA40072ED92 /* Blockchain.swift in Sources */ = {isa = PBXBuildFile; fileRef = 8B423443209D6CA40072ED92 /* Blockchain.swift */; };
		8B42344D209D6CA40072ED92 /* AppDelegate.swift in Sources */ = {isa = PBXBuildFile; fileRef = 8B423444209D6CA40072ED92 /* AppDelegate.swift */; };
		8B42344E209D6CA40072ED92 /* Info.plist in Resources */ = {isa = PBXBuildFile; fileRef = 8B423445209D6CA40072ED92 /* Info.plist */; };
/* End PBXBuildFile section */

/* Begin PBXFileReference section */
		8B42343B209D6CA40072ED92 /* ViewController.swift */ = {isa = PBXFileReference; fileEncoding = 4; lastKnownFileType = sourcecode.swift; path = ViewController.swift; sourceTree = "<group>"; };
		8B42343C209D6CA40072ED92 /* CustomButton.swift */ = {isa = PBXFileReference; fileEncoding = 4; lastKnownFileType = sourcecode.swift; path = CustomButton.swift; sourceTree = "<group>"; };
		8B42343D209D6CA40072ED92 /* Block.swift */ = {isa = PBXFileReference; fileEncoding = 4; lastKnownFileType = sourcecode.swift; path = Block.swift; sourceTree = "<group>"; };
		8B42343E209D6CA40072ED92 /* Assets.xcassets */ = {isa = PBXFileReference; lastKnownFileType = folder.assetcatalog; path = Assets.xcassets; sourceTree = "<group>"; };
		8B423440209D6CA40072ED92 /* Base */ = {isa = PBXFileReference; lastKnownFileType = file.storyboard; name = Base; path = Base.lproj/LaunchScreen.storyboard; sourceTree = "<group>"; };
		8B423442209D6CA40072ED92 /* Base */ = {isa = PBXFileReference; lastKnownFileType = file.storyboard; name = Base; path = Base.lproj/Main.storyboard; sourceTree = "<group>"; };
		8B423443209D6CA40072ED92 /* Blockchain.swift */ = {isa = PBXFileReference; fileEncoding = 4; lastKnownFileType = sourcecode.swift; path = Blockchain.swift; sourceTree = "<group>"; };
		8B423444209D6CA40072ED92 /* AppDelegate.swift */ = {isa = PBXFileReference; fileEncoding = 4; lastKnownFileType = sourcecode.swift; path = AppDelegate.swift; sourceTree = "<group>"; };
		8B423445209D6CA40072ED92 /* Info.plist */ = {isa = PBXFileReference; fileEncoding = 4; lastKnownFileType = text.plist.xml; path = Info.plist; sourceTree = "<group>"; };
		8B7BF52120967A7E006C0EF1 /* Blockchain Final Project.app */ = {isa = PBXFileReference; explicitFileType = wrapper.application; includeInIndex = 0; path = "Blockchain Final Project.app"; sourceTree = BUILT_PRODUCTS_DIR; };
/* End PBXFileReference section */

/* Begin PBXFrameworksBuildPhase section */
		8B7BF51E20967A7E006C0EF1 /* Frameworks */ = {
			isa = PBXFrameworksBuildPhase;
			buildActionMask = 2147483647;
			files = (
			);
			runOnlyForDeploymentPostprocessing = 0;
		};
/* End PBXFrameworksBuildPhase section */

/* Begin PBXGroup section */
		8B42343A209D6CA40072ED92 /* Blockchain Final Project */ = {
			isa = PBXGroup;
			children = (
				8B42343D209D6CA40072ED92 /* Block.swift */,
				8B423443209D6CA40072ED92 /* Blockchain.swift */,
				8B42343B209D6CA40072ED92 /* ViewController.swift */,
				8B42343E209D6CA40072ED92 /* Assets.xcassets */,
				8B42343F209D6CA40072ED92 /* LaunchScreen.storyboard */,
				8B423441209D6CA40072ED92 /* Main.storyboard */,
				8B423444209D6CA40072ED92 /* AppDelegate.swift */,
				8B423445209D6CA40072ED92 /* Info.plist */,
				8B42343C209D6CA40072ED92 /* CustomButton.swift */,
			);
			path = "Blockchain Final Project";
			sourceTree = "<group>";
		};
		8B7BF51820967A7E006C0EF1 = {
			isa = PBXGroup;
			children = (
				8B42343A209D6CA40072ED92 /* Blockchain Final Project */,
				8B7BF52220967A7E006C0EF1 /* Products */,
			);
			sourceTree = "<group>";
		};
		8B7BF52220967A7E006C0EF1 /* Products */ = {
			isa = PBXGroup;
			children = (
				8B7BF52120967A7E006C0EF1 /* Blockchain Final Project.app */,
			);
			name = Products;
			sourceTree = "<group>";
		};
/* End PBXGroup section */

/* Begin PBXNativeTarget section */
		8B7BF52020967A7E006C0EF1 /* Blockchain Final Project */ = {
			isa = PBXNativeTarget;
			buildConfigurationList = 8B7BF53320967A80006C0EF1 /* Build configuration list for PBXNativeTarget "Blockchain Final Project" */;
			buildPhases = (
				8B7BF51D20967A7E006C0EF1 /* Sources */,
				8B7BF51E20967A7E006C0EF1 /* Frameworks */,
				8B7BF51F20967A7E006C0EF1 /* Resources */,
			);
			buildRules = (
			);
			dependencies = (
			);
			name = "Blockchain Final Project";
			productName = "Blockchain Starter Project";
			productReference = 8B7BF52120967A7E006C0EF1 /* Blockchain Final Project.app */;
			productType = "com.apple.product-type.application";
		};
/* End PBXNativeTarget section */

/* Begin PBXProject section */
		8B7BF51920967A7E006C0EF1 /* Project object */ = {
			isa = PBXProject;
			attributes = {
				LastSwiftUpdateCheck = 0940;
				LastUpgradeCheck = 0940;
				ORGANIZATIONNAME = AppCoda;
				TargetAttributes = {
					8B7BF52020967A7E006C0EF1 = {
						CreatedOnToolsVersion = 9.4;
					};
				};
			};
			buildConfigurationList = 8B7BF51C20967A7E006C0EF1 /* Build configuration list for PBXProject "Blockchain Final Project" */;
			compatibilityVersion = "Xcode 9.3";
			developmentRegion = en;
			hasScannedForEncodings = 0;
			knownRegions = (
				en,
				Base,
			);
			mainGroup = 8B7BF51820967A7E006C0EF1;
			productRefGroup = 8B7BF52220967A7E006C0EF1 /* Products */;
			projectDirPath = "";
			projectRoot = "";
			targets = (
				8B7BF52020967A7E006C0EF1 /* Blockchain Final Project */,
			);
		};
/* End PBXProject section */

/* Begin PBXResourcesBuildPhase section */
		8B7BF51F20967A7E006C0EF1 /* Resources */ = {
			isa = PBXResourcesBuildPhase;
			buildActionMask = 2147483647;
			files = (
				8B42344E209D6CA40072ED92 /* Info.plist in Resources */,
				8B42344B209D6CA40072ED92 /* Main.storyboard in Resources */,
				8B423449209D6CA40072ED92 /* Assets.xcassets in Resources */,
				8B42344A209D6CA40072ED92 /* LaunchScreen.storyboard in Resources */,
			);
			runOnlyForDeploymentPostprocessing = 0;
		};
/* End PBXResourcesBuildPhase section */

/* Begin PBXSourcesBuildPhase section */
		8B7BF51D20967A7E006C0EF1 /* Sources */ = {
			isa = PBXSourcesBuildPhase;
			buildActionMask = 2147483647;
			files = (
				8B423448209D6CA40072ED92 /* Block.swift in Sources */,
				8B42344C209D6CA40072ED92 /* Blockchain.swift in Sources */,
				8B423447209D6CA40072ED92 /* CustomButton.swift in Sources */,
				8B42344D209D6CA40072ED92 /* AppDelegate.swift in Sources */,
				8B423446209D6CA40072ED92 /* ViewController.swift in Sources */,
			);
			runOnlyForDeploymentPostprocessing = 0;
		};
/* End PBXSourcesBuildPhase section */

/* Begin PBXVariantGroup section */
		8B42343F209D6CA40072ED92 /* LaunchScreen.storyboard */ = {
			isa = PBXVariantGroup;
			children = (
				8B423440209D6CA40072ED92 /* Base */,
			);
			name = LaunchScreen.storyboard;
			sourceTree = "<group>";
		};
		8B423441209D6CA40072ED92 /* Main.storyboard */ = {
			isa = PBXVariantGroup;
			children = (
				8B423442209D6CA40072ED92 /* Base */,
			);
			name = Main.storyboard;
			sourceTree = "<group>";
		};
/* End PBXVariantGroup section */

/* Begin XCBuildConfiguration section */
		8B7BF53120967A80006C0EF1 /* Debug */ = {
			isa = XCBuildConfiguration;
			buildSettings = {
				ALWAYS_SEARCH_USER_PATHS = NO;
				CLANG_ANALYZER_NONNULL = YES;
				CLANG_ANALYZER_NUMBER_OBJECT_CONVERSION = YES_AGGRESSIVE;
				CLANG_CXX_LANGUAGE_STANDARD = "gnu++14";
				CLANG_CXX_LIBRARY = "libc++";
				CLANG_ENABLE_MODULES = YES;
				CLANG_ENABLE_OBJC_ARC = YES;
				CLANG_ENABLE_OBJC_WEAK = YES;
				CLANG_WARN_BLOCK_CAPTURE_AUTORELEASING = YES;
				CLANG_WARN_BOOL_CONVERSION = YES;
				CLANG_WARN_COMMA = YES;
				CLANG_WARN_CONSTANT_CONVERSION = YES;
				CLANG_WARN_DEPRECATED_OBJC_IMPLEMENTATIONS = YES;
				CLANG_WARN_DIRECT_OBJC_ISA_USAGE = YES_ERROR;
				CLANG_WARN_DOCUMENTATION_COMMENTS = YES;
				CLANG_WARN_EMPTY_BODY = YES;
				CLANG_WARN_ENUM_CONVERSION = YES;
				CLANG_WARN_INFINITE_RECURSION = YES;
				CLANG_WARN_INT_CONVERSION = YES;
				CLANG_WARN_NON_LITERAL_NULL_CONVERSION = YES;
				CLANG_WARN_OBJC_IMPLICIT_RETAIN_SELF = YES;
				CLANG_WARN_OBJC_LITERAL_CONVERSION = YES;
				CLANG_WARN_OBJC_ROOT_CLASS = YES_ERROR;
				CLANG_WARN_RANGE_LOOP_ANALYSIS = YES;
				CLANG_WARN_STRICT_PROTOTYPES = YES;
				CLANG_WARN_SUSPICIOUS_MOVE = YES;
				CLANG_WARN_UNGUARDED_AVAILABILITY = YES_AGGRESSIVE;
				CLANG_WARN_UNREACHABLE_CODE = YES;
				CLANG_WARN__DUPLICATE_METHOD_MATCH = YES;
				CODE_SIGN_IDENTITY = "iPhone Developer";
				COPY_PHASE_STRIP = NO;
				DEBUG_INFORMATION_FORMAT = dwarf;
				ENABLE_STRICT_OBJC_MSGSEND = YES;
				ENABLE_TESTABILITY = YES;
				GCC_C_LANGUAGE_STANDARD = gnu11;
				GCC_DYNAMIC_NO_PIC = NO;
				GCC_NO_COMMON_BLOCKS = YES;
				GCC_OPTIMIZATION_LEVEL = 0;
				GCC_PREPROCESSOR_DEFINITIONS = (
					"DEBUG=1",
					"$(inherited)",
				);
				GCC_WARN_64_TO_32_BIT_CONVERSION = YES;
				GCC_WARN_ABOUT_RETURN_TYPE = YES_ERROR;
				GCC_WARN_UNDECLARED_SELECTOR = YES;
				GCC_WARN_UNINITIALIZED_AUTOS = YES_AGGRESSIVE;
				GCC_WARN_UNUSED_FUNCTION = YES;
				GCC_WARN_UNUSED_VARIABLE = YES;
				IPHONEOS_DEPLOYMENT_TARGET = 11.0;
				MTL_ENABLE_DEBUG_INFO = YES;
				ONLY_ACTIVE_ARCH = YES;
				SDKROOT = iphoneos;
				SWIFT_ACTIVE_COMPILATION_CONDITIONS = DEBUG;
				SWIFT_OPTIMIZATION_LEVEL = "-Onone";
			};
			name = Debug;
		};
		8B7BF53220967A80006C0EF1 /* Release */ = {
			isa = XCBuildConfiguration;
			buildSettings = {
				ALWAYS_SEARCH_USER_PATHS = NO;
				CLANG_ANALYZER_NONNULL = YES;
				CLANG_ANALYZER_NUMBER_OBJECT_CONVERSION = YES_AGGRESSIVE;
				CLANG_CXX_LANGUAGE_STANDARD = "gnu++14";
				CLANG_CXX_LIBRARY = "libc++";
				CLANG_ENABLE_MODULES = YES;
				CLANG_ENABLE_OBJC_ARC = YES;
				CLANG_ENABLE_OBJC_WEAK = YES;
				CLANG_WARN_BLOCK_CAPTURE_AUTORELEASING = YES;
				CLANG_WARN_BOOL_CONVERSION = YES;
				CLANG_WARN_COMMA = YES;
				CLANG_WARN_CONSTANT_CONVERSION = YES;
				CLANG_WARN_DEPRECATED_OBJC_IMPLEMENTATIONS = YES;
				CLANG_WARN_DIRECT_OBJC_ISA_USAGE = YES_ERROR;
				CLANG_WARN_DOCUMENTATION_COMMENTS = YES;
				CLANG_WARN_EMPTY_BODY = YES;
				CLANG_WARN_ENUM_CONVERSION = YES;
				CLANG_WARN_INFINITE_RECURSION = YES;
				CLANG_WARN_INT_CONVERSION = YES;
				CLANG_WARN_NON_LITERAL_NULL_CONVERSION = YES;
				CLANG_WARN_OBJC_IMPLICIT_RETAIN_SELF = YES;
				CLANG_WARN_OBJC_LITERAL_CONVERSION = YES;
				CLANG_WARN_OBJC_ROOT_CLASS = YES_ERROR;
				CLANG_WARN_RANGE_LOOP_ANALYSIS = YES;
				CLANG_WARN_STRICT_PROTOTYPES = YES;
				CLANG_WARN_SUSPICIOUS_MOVE = YES;
				CLANG_WARN_UNGUARDED_AVAILABILITY = YES_AGGRESSIVE;
				CLANG_WARN_UNREACHABLE_CODE = YES;
				CLANG_WARN__DUPLICATE_METHOD_MATCH = YES;
				CODE_SIGN_IDENTITY = "iPhone Developer";
				COPY_PHASE_STRIP = NO;
				DEBUG_INFORMATION_FORMAT = "dwarf-with-dsym";
				ENABLE_NS_ASSERTIONS = NO;
				ENABLE_STRICT_OBJC_MSGSEND = YES;
				GCC_C_LANGUAGE_STANDARD = gnu11;
				GCC_NO_COMMON_BLOCKS = YES;
				GCC_WARN_64_TO_32_BIT_CONVERSION = YES;
				GCC_WARN_ABOUT_RETURN_TYPE = YES_ERROR;
				GCC_WARN_UNDECLARED_SELECTOR = YES;
				GCC_WARN_UNINITIALIZED_AUTOS = YES_AGGRESSIVE;
				GCC_WARN_UNUSED_FUNCTION = YES;
				GCC_WARN_UNUSED_VARIABLE = YES;
				IPHONEOS_DEPLOYMENT_TARGET = 11.0;
				MTL_ENABLE_DEBUG_INFO = NO;
				SDKROOT = iphoneos;
				SWIFT_COMPILATION_MODE = wholemodule;
				SWIFT_OPTIMIZATION_LEVEL = "-O";
				VALIDATE_PRODUCT = YES;
			};
			name = Release;
		};
		8B7BF53420967A80006C0EF1 /* Debug */ = {
			isa = XCBuildConfiguration;
			buildSettings = {
				ASSETCATALOG_COMPILER_APPICON_NAME = AppIcon;
				CODE_SIGN_STYLE = Automatic;
				DEVELOPMENT_TEAM = XJYMG76226;
				INFOPLIST_FILE = "$(SRCROOT)/Blockchain Final Project/Info.plist";
				IPHONEOS_DEPLOYMENT_TARGET = 11.0;
				LD_RUNPATH_SEARCH_PATHS = (
					"$(inherited)",
					"@executable_path/Frameworks",
				);
				PRODUCT_BUNDLE_IDENTIFIER = "com.AppCoda.Blockchain-On-iOS";
				PRODUCT_NAME = "$(TARGET_NAME)";
				SWIFT_VERSION = 4.0;
				TARGETED_DEVICE_FAMILY = "1,2";
			};
			name = Debug;
		};
		8B7BF53520967A80006C0EF1 /* Release */ = {
			isa = XCBuildConfiguration;
			buildSettings = {
				ASSETCATALOG_COMPILER_APPICON_NAME = AppIcon;
				CODE_SIGN_STYLE = Automatic;
				DEVELOPMENT_TEAM = XJYMG76226;
				INFOPLIST_FILE = "$(SRCROOT)/Blockchain Final Project/Info.plist";
				IPHONEOS_DEPLOYMENT_TARGET = 11.0;
				LD_RUNPATH_SEARCH_PATHS = (
					"$(inherited)",
					"@executable_path/Frameworks",
				);
				PRODUCT_BUNDLE_IDENTIFIER = "com.AppCoda.Blockchain-On-iOS";
				PRODUCT_NAME = "$(TARGET_NAME)";
				SWIFT_VERSION = 4.0;
				TARGETED_DEVICE_FAMILY = "1,2";
			};
			name = Release;
		};
/* End XCBuildConfiguration section */

/* Begin XCConfigurationList section */
		8B7BF51C20967A7E006C0EF1 /* Build configuration list for PBXProject "Blockchain Final Project" */ = {
			isa = XCConfigurationList;
			buildConfigurations = (
				8B7BF53120967A80006C0EF1 /* Debug */,
				8B7BF53220967A80006C0EF1 /* Release */,
			);
			defaultConfigurationIsVisible = 0;
			defaultConfigurationName = Release;
		};
		8B7BF53320967A80006C0EF1 /* Build configuration list for PBXNativeTarget "Blockchain Final Project" */ = {
			isa = XCConfigurationList;
			buildConfigurations = (
				8B7BF53420967A80006C0EF1 /* Debug */,
				8B7BF53520967A80006C0EF1 /* Release */,
			);
			defaultConfigurationIsVisible = 0;
			defaultConfigurationName = Release;
		};
/* End XCConfigurationList section */
	};
	rootObject = 8B7BF51920967A7E006C0EF1 /* Project object */;
}
